// !$*UTF8*$!
{
	archiveVersion = 1;
	classes = {
	};
	objectVersion = 56;
	objects = {

/* Begin PBXBuildFile section */
		40CE0F9A2AC6FFD200F93427 /* MyAnimeApp.swift in Sources */ = {isa = PBXBuildFile; fileRef = 40CE0F992AC6FFD200F93427 /* MyAnimeApp.swift */; };
		40CE0F9F2AC6FFD200F93427 /* MyAnime.xcdatamodeld in Sources */ = {isa = PBXBuildFile; fileRef = 40CE0F9D2AC6FFD200F93427 /* MyAnime.xcdatamodeld */; };
		40CE0FA12AC6FFD200F93427 /* ContentView.swift in Sources */ = {isa = PBXBuildFile; fileRef = 40CE0FA02AC6FFD200F93427 /* ContentView.swift */; };
		40CE0FA32AC6FFD300F93427 /* Assets.xcassets in Resources */ = {isa = PBXBuildFile; fileRef = 40CE0FA22AC6FFD300F93427 /* Assets.xcassets */; };
		40CE0FA72AC6FFD300F93427 /* Preview Assets.xcassets in Resources */ = {isa = PBXBuildFile; fileRef = 40CE0FA62AC6FFD300F93427 /* Preview Assets.xcassets */; };
		40CE0FAF2AC701C700F93427 /* NetworkManager.swift in Sources */ = {isa = PBXBuildFile; fileRef = 40CE0FAE2AC701C700F93427 /* NetworkManager.swift */; };
		40CE0FB12AC7030100F93427 /* CoreDataManager.swift in Sources */ = {isa = PBXBuildFile; fileRef = 40CE0FB02AC7030100F93427 /* CoreDataManager.swift */; };
		40CE0FB42AC7047100F93427 /* PersonalAnimeDataStorage.swift in Sources */ = {isa = PBXBuildFile; fileRef = 40CE0FB32AC7047100F93427 /* PersonalAnimeDataStorage.swift */; };
		40CE0FC12ACB88E600F93427 /* AnimeEntity+CoreDataClass.swift in Sources */ = {isa = PBXBuildFile; fileRef = 40CE0FBF2ACB88E600F93427 /* AnimeEntity+CoreDataClass.swift */; };
		40CE0FC22ACB88E600F93427 /* AnimeEntity+CoreDataProperties.swift in Sources */ = {isa = PBXBuildFile; fileRef = 40CE0FC02ACB88E600F93427 /* AnimeEntity+CoreDataProperties.swift */; };
		40CE0FC52ACB89B800F93427 /* JikanAPI.swift in Sources */ = {isa = PBXBuildFile; fileRef = 40CE0FC42ACB89B800F93427 /* JikanAPI.swift */; };
		40CE0FC82ACB8A0C00F93427 /* ServicesExtensions.swift in Sources */ = {isa = PBXBuildFile; fileRef = 40CE0FC72ACB8A0C00F93427 /* ServicesExtensions.swift */; };
		40CE0FCB2ACB8A7300F93427 /* AnimeModel.swift in Sources */ = {isa = PBXBuildFile; fileRef = 40CE0FCA2ACB8A7300F93427 /* AnimeModel.swift */; };
		40CE0FCD2ACB8ABD00F93427 /* Model.swift in Sources */ = {isa = PBXBuildFile; fileRef = 40CE0FCC2ACB8ABD00F93427 /* Model.swift */; };
/* End PBXBuildFile section */

/* Begin PBXFileReference section */
		40CE0F962AC6FFD200F93427 /* MyAnime.app */ = {isa = PBXFileReference; explicitFileType = wrapper.application; includeInIndex = 0; path = MyAnime.app; sourceTree = BUILT_PRODUCTS_DIR; };
		40CE0F992AC6FFD200F93427 /* MyAnimeApp.swift */ = {isa = PBXFileReference; lastKnownFileType = sourcecode.swift; path = MyAnimeApp.swift; sourceTree = "<group>"; };
		40CE0F9E2AC6FFD200F93427 /* MyAnime.xcdatamodel */ = {isa = PBXFileReference; lastKnownFileType = wrapper.xcdatamodel; path = MyAnime.xcdatamodel; sourceTree = "<group>"; };
		40CE0FA02AC6FFD200F93427 /* ContentView.swift */ = {isa = PBXFileReference; lastKnownFileType = sourcecode.swift; path = ContentView.swift; sourceTree = "<group>"; };
		40CE0FA22AC6FFD300F93427 /* Assets.xcassets */ = {isa = PBXFileReference; lastKnownFileType = folder.assetcatalog; path = Assets.xcassets; sourceTree = "<group>"; };
		40CE0FA42AC6FFD300F93427 /* MyAnime.entitlements */ = {isa = PBXFileReference; lastKnownFileType = text.plist.entitlements; path = MyAnime.entitlements; sourceTree = "<group>"; };
		40CE0FA62AC6FFD300F93427 /* Preview Assets.xcassets */ = {isa = PBXFileReference; lastKnownFileType = folder.assetcatalog; path = "Preview Assets.xcassets"; sourceTree = "<group>"; };
		40CE0FAE2AC701C700F93427 /* NetworkManager.swift */ = {isa = PBXFileReference; lastKnownFileType = sourcecode.swift; path = NetworkManager.swift; sourceTree = "<group>"; };
		40CE0FB02AC7030100F93427 /* CoreDataManager.swift */ = {isa = PBXFileReference; lastKnownFileType = sourcecode.swift; path = CoreDataManager.swift; sourceTree = "<group>"; };
		40CE0FB32AC7047100F93427 /* PersonalAnimeDataStorage.swift */ = {isa = PBXFileReference; lastKnownFileType = sourcecode.swift; path = PersonalAnimeDataStorage.swift; sourceTree = "<group>"; };
		40CE0FBF2ACB88E600F93427 /* AnimeEntity+CoreDataClass.swift */ = {isa = PBXFileReference; lastKnownFileType = sourcecode.swift; path = "AnimeEntity+CoreDataClass.swift"; sourceTree = "<group>"; };
		40CE0FC02ACB88E600F93427 /* AnimeEntity+CoreDataProperties.swift */ = {isa = PBXFileReference; lastKnownFileType = sourcecode.swift; path = "AnimeEntity+CoreDataProperties.swift"; sourceTree = "<group>"; };
		40CE0FC42ACB89B800F93427 /* JikanAPI.swift */ = {isa = PBXFileReference; lastKnownFileType = sourcecode.swift; path = JikanAPI.swift; sourceTree = "<group>"; };
		40CE0FC72ACB8A0C00F93427 /* ServicesExtensions.swift */ = {isa = PBXFileReference; lastKnownFileType = sourcecode.swift; path = ServicesExtensions.swift; sourceTree = "<group>"; };
		40CE0FCA2ACB8A7300F93427 /* AnimeModel.swift */ = {isa = PBXFileReference; lastKnownFileType = sourcecode.swift; path = AnimeModel.swift; sourceTree = "<group>"; };
		40CE0FCC2ACB8ABD00F93427 /* Model.swift */ = {isa = PBXFileReference; lastKnownFileType = sourcecode.swift; path = Model.swift; sourceTree = "<group>"; };
/* End PBXFileReference section */

/* Begin PBXFrameworksBuildPhase section */
		40CE0F932AC6FFD200F93427 /* Frameworks */ = {
			isa = PBXFrameworksBuildPhase;
			buildActionMask = 2147483647;
			files = (
			);
			runOnlyForDeploymentPostprocessing = 0;
		};
/* End PBXFrameworksBuildPhase section */

/* Begin PBXGroup section */
		40CE0F8D2AC6FFD200F93427 = {
			isa = PBXGroup;
			children = (
				40CE0F982AC6FFD200F93427 /* MyAnime */,
				40CE0F972AC6FFD200F93427 /* Products */,
			);
			sourceTree = "<group>";
		};
		40CE0F972AC6FFD200F93427 /* Products */ = {
			isa = PBXGroup;
			children = (
				40CE0F962AC6FFD200F93427 /* MyAnime.app */,
			);
			name = Products;
			sourceTree = "<group>";
		};
		40CE0F982AC6FFD200F93427 /* MyAnime */ = {
			isa = PBXGroup;
			children = (
				40CE0FC32ACB898B00F93427 /* Model */,
				40CE0FB22AC703AB00F93427 /* Storage */,
				40CE0FAD2AC701A800F93427 /* Services */,
				40CE0F992AC6FFD200F93427 /* MyAnimeApp.swift */,
				40CE0FA02AC6FFD200F93427 /* ContentView.swift */,
				40CE0FA22AC6FFD300F93427 /* Assets.xcassets */,
				40CE0FA42AC6FFD300F93427 /* MyAnime.entitlements */,
				40CE0F9D2AC6FFD200F93427 /* MyAnime.xcdatamodeld */,
				40CE0FA52AC6FFD300F93427 /* Preview Content */,
			);
			path = MyAnime;
			sourceTree = "<group>";
		};
		40CE0FA52AC6FFD300F93427 /* Preview Content */ = {
			isa = PBXGroup;
			children = (
				40CE0FA62AC6FFD300F93427 /* Preview Assets.xcassets */,
			);
			path = "Preview Content";
			sourceTree = "<group>";
		};
		40CE0FAD2AC701A800F93427 /* Services */ = {
			isa = PBXGroup;
			children = (
				40CE0FAE2AC701C700F93427 /* NetworkManager.swift */,
				40CE0FC42ACB89B800F93427 /* JikanAPI.swift */,
				40CE0FC72ACB8A0C00F93427 /* ServicesExtensions.swift */,
			);
			path = Services;
			sourceTree = "<group>";
		};
		40CE0FB22AC703AB00F93427 /* Storage */ = {
			isa = PBXGroup;
			children = (
				40CE0FBF2ACB88E600F93427 /* AnimeEntity+CoreDataClass.swift */,
				40CE0FC02ACB88E600F93427 /* AnimeEntity+CoreDataProperties.swift */,
				40CE0FB02AC7030100F93427 /* CoreDataManager.swift */,
				40CE0FB32AC7047100F93427 /* PersonalAnimeDataStorage.swift */,
			);
			path = Storage;
			sourceTree = "<group>";
		};
		40CE0FC32ACB898B00F93427 /* Model */ = {
			isa = PBXGroup;
			children = (
				40CE0FCA2ACB8A7300F93427 /* AnimeModel.swift */,
				40CE0FCC2ACB8ABD00F93427 /* Model.swift */,
			);
			path = Model;
			sourceTree = "<group>";
		};
/* End PBXGroup section */

/* Begin PBXNativeTarget section */
		40CE0F952AC6FFD200F93427 /* MyAnime */ = {
			isa = PBXNativeTarget;
			buildConfigurationList = 40CE0FAA2AC6FFD300F93427 /* Build configuration list for PBXNativeTarget "MyAnime" */;
			buildPhases = (
				40CE0F922AC6FFD200F93427 /* Sources */,
				40CE0F932AC6FFD200F93427 /* Frameworks */,
				40CE0F942AC6FFD200F93427 /* Resources */,
			);
			buildRules = (
			);
			dependencies = (
			);
			name = MyAnime;
			productName = MyAnime;
			productReference = 40CE0F962AC6FFD200F93427 /* MyAnime.app */;
			productType = "com.apple.product-type.application";
		};
/* End PBXNativeTarget section */

/* Begin PBXProject section */
		40CE0F8E2AC6FFD200F93427 /* Project object */ = {
			isa = PBXProject;
			attributes = {
				BuildIndependentTargetsInParallel = 1;
				LastSwiftUpdateCheck = 1430;
				LastUpgradeCheck = 1430;
				TargetAttributes = {
					40CE0F952AC6FFD200F93427 = {
						CreatedOnToolsVersion = 14.3;
					};
				};
			};
			buildConfigurationList = 40CE0F912AC6FFD200F93427 /* Build configuration list for PBXProject "MyAnime" */;
			compatibilityVersion = "Xcode 14.0";
			developmentRegion = en;
			hasScannedForEncodings = 0;
			knownRegions = (
				en,
				Base,
			);
			mainGroup = 40CE0F8D2AC6FFD200F93427;
			productRefGroup = 40CE0F972AC6FFD200F93427 /* Products */;
			projectDirPath = "";
			projectRoot = "";
			targets = (
				40CE0F952AC6FFD200F93427 /* MyAnime */,
			);
		};
/* End PBXProject section */

/* Begin PBXResourcesBuildPhase section */
		40CE0F942AC6FFD200F93427 /* Resources */ = {
			isa = PBXResourcesBuildPhase;
			buildActionMask = 2147483647;
			files = (
				40CE0FA72AC6FFD300F93427 /* Preview Assets.xcassets in Resources */,
				40CE0FA32AC6FFD300F93427 /* Assets.xcassets in Resources */,
			);
			runOnlyForDeploymentPostprocessing = 0;
		};
/* End PBXResourcesBuildPhase section */

/* Begin PBXSourcesBuildPhase section */
		40CE0F922AC6FFD200F93427 /* Sources */ = {
			isa = PBXSourcesBuildPhase;
			buildActionMask = 2147483647;
			files = (
				40CE0FB42AC7047100F93427 /* PersonalAnimeDataStorage.swift in Sources */,
				40CE0FB12AC7030100F93427 /* CoreDataManager.swift in Sources */,
				40CE0F9A2AC6FFD200F93427 /* MyAnimeApp.swift in Sources */,
				40CE0F9F2AC6FFD200F93427 /* MyAnime.xcdatamodeld in Sources */,
				40CE0FC82ACB8A0C00F93427 /* ServicesExtensions.swift in Sources */,
				40CE0FC52ACB89B800F93427 /* JikanAPI.swift in Sources */,
				40CE0FCD2ACB8ABD00F93427 /* Model.swift in Sources */,
				40CE0FAF2AC701C700F93427 /* NetworkManager.swift in Sources */,
				40CE0FC12ACB88E600F93427 /* AnimeEntity+CoreDataClass.swift in Sources */,
				40CE0FC22ACB88E600F93427 /* AnimeEntity+CoreDataProperties.swift in Sources */,
				40CE0FA12AC6FFD200F93427 /* ContentView.swift in Sources */,
				40CE0FCB2ACB8A7300F93427 /* AnimeModel.swift in Sources */,
			);
			runOnlyForDeploymentPostprocessing = 0;
		};
/* End PBXSourcesBuildPhase section */

/* Begin XCBuildConfiguration section */
		40CE0FA82AC6FFD300F93427 /* Debug */ = {
			isa = XCBuildConfiguration;
			buildSettings = {
				ALWAYS_SEARCH_USER_PATHS = NO;
				CLANG_ANALYZER_NONNULL = YES;
				CLANG_ANALYZER_NUMBER_OBJECT_CONVERSION = YES_AGGRESSIVE;
				CLANG_CXX_LANGUAGE_STANDARD = "gnu++20";
				CLANG_ENABLE_MODULES = YES;
				CLANG_ENABLE_OBJC_ARC = YES;
				CLANG_ENABLE_OBJC_WEAK = YES;
				CLANG_WARN_BLOCK_CAPTURE_AUTORELEASING = YES;
				CLANG_WARN_BOOL_CONVERSION = YES;
				CLANG_WARN_COMMA = YES;
				CLANG_WARN_CONSTANT_CONVERSION = YES;
				CLANG_WARN_DEPRECATED_OBJC_IMPLEMENTATIONS = YES;
				CLANG_WARN_DIRECT_OBJC_ISA_USAGE = YES_ERROR;
				CLANG_WARN_DOCUMENTATION_COMMENTS = YES;
				CLANG_WARN_EMPTY_BODY = YES;
				CLANG_WARN_ENUM_CONVERSION = YES;
				CLANG_WARN_INFINITE_RECURSION = YES;
				CLANG_WARN_INT_CONVERSION = YES;
				CLANG_WARN_NON_LITERAL_NULL_CONVERSION = YES;
				CLANG_WARN_OBJC_IMPLICIT_RETAIN_SELF = YES;
				CLANG_WARN_OBJC_LITERAL_CONVERSION = YES;
				CLANG_WARN_OBJC_ROOT_CLASS = YES_ERROR;
				CLANG_WARN_QUOTED_INCLUDE_IN_FRAMEWORK_HEADER = YES;
				CLANG_WARN_RANGE_LOOP_ANALYSIS = YES;
				CLANG_WARN_STRICT_PROTOTYPES = YES;
				CLANG_WARN_SUSPICIOUS_MOVE = YES;
				CLANG_WARN_UNGUARDED_AVAILABILITY = YES_AGGRESSIVE;
				CLANG_WARN_UNREACHABLE_CODE = YES;
				CLANG_WARN__DUPLICATE_METHOD_MATCH = YES;
				COPY_PHASE_STRIP = NO;
				DEBUG_INFORMATION_FORMAT = dwarf;
				ENABLE_STRICT_OBJC_MSGSEND = YES;
				ENABLE_TESTABILITY = YES;
				GCC_C_LANGUAGE_STANDARD = gnu11;
				GCC_DYNAMIC_NO_PIC = NO;
				GCC_NO_COMMON_BLOCKS = YES;
				GCC_OPTIMIZATION_LEVEL = 0;
				GCC_PREPROCESSOR_DEFINITIONS = (
					"DEBUG=1",
					"$(inherited)",
				);
				GCC_WARN_64_TO_32_BIT_CONVERSION = YES;
				GCC_WARN_ABOUT_RETURN_TYPE = YES_ERROR;
				GCC_WARN_UNDECLARED_SELECTOR = YES;
				GCC_WARN_UNINITIALIZED_AUTOS = YES_AGGRESSIVE;
				GCC_WARN_UNUSED_FUNCTION = YES;
				GCC_WARN_UNUSED_VARIABLE = YES;
				MTL_ENABLE_DEBUG_INFO = INCLUDE_SOURCE;
				MTL_FAST_MATH = YES;
				ONLY_ACTIVE_ARCH = YES;
				SWIFT_ACTIVE_COMPILATION_CONDITIONS = DEBUG;
				SWIFT_OPTIMIZATION_LEVEL = "-Onone";
			};
			name = Debug;
		};
		40CE0FA92AC6FFD300F93427 /* Release */ = {
			isa = XCBuildConfiguration;
			buildSettings = {
				ALWAYS_SEARCH_USER_PATHS = NO;
				CLANG_ANALYZER_NONNULL = YES;
				CLANG_ANALYZER_NUMBER_OBJECT_CONVERSION = YES_AGGRESSIVE;
				CLANG_CXX_LANGUAGE_STANDARD = "gnu++20";
				CLANG_ENABLE_MODULES = YES;
				CLANG_ENABLE_OBJC_ARC = YES;
				CLANG_ENABLE_OBJC_WEAK = YES;
				CLANG_WARN_BLOCK_CAPTURE_AUTORELEASING = YES;
				CLANG_WARN_BOOL_CONVERSION = YES;
				CLANG_WARN_COMMA = YES;
				CLANG_WARN_CONSTANT_CONVERSION = YES;
				CLANG_WARN_DEPRECATED_OBJC_IMPLEMENTATIONS = YES;
				CLANG_WARN_DIRECT_OBJC_ISA_USAGE = YES_ERROR;
				CLANG_WARN_DOCUMENTATION_COMMENTS = YES;
				CLANG_WARN_EMPTY_BODY = YES;
				CLANG_WARN_ENUM_CONVERSION = YES;
				CLANG_WARN_INFINITE_RECURSION = YES;
				CLANG_WARN_INT_CONVERSION = YES;
				CLANG_WARN_NON_LITERAL_NULL_CONVERSION = YES;
				CLANG_WARN_OBJC_IMPLICIT_RETAIN_SELF = YES;
				CLANG_WARN_OBJC_LITERAL_CONVERSION = YES;
				CLANG_WARN_OBJC_ROOT_CLASS = YES_ERROR;
				CLANG_WARN_QUOTED_INCLUDE_IN_FRAMEWORK_HEADER = YES;
				CLANG_WARN_RANGE_LOOP_ANALYSIS = YES;
				CLANG_WARN_STRICT_PROTOTYPES = YES;
				CLANG_WARN_SUSPICIOUS_MOVE = YES;
				CLANG_WARN_UNGUARDED_AVAILABILITY = YES_AGGRESSIVE;
				CLANG_WARN_UNREACHABLE_CODE = YES;
				CLANG_WARN__DUPLICATE_METHOD_MATCH = YES;
				COPY_PHASE_STRIP = NO;
				DEBUG_INFORMATION_FORMAT = "dwarf-with-dsym";
				ENABLE_NS_ASSERTIONS = NO;
				ENABLE_STRICT_OBJC_MSGSEND = YES;
				GCC_C_LANGUAGE_STANDARD = gnu11;
				GCC_NO_COMMON_BLOCKS = YES;
				GCC_WARN_64_TO_32_BIT_CONVERSION = YES;
				GCC_WARN_ABOUT_RETURN_TYPE = YES_ERROR;
				GCC_WARN_UNDECLARED_SELECTOR = YES;
				GCC_WARN_UNINITIALIZED_AUTOS = YES_AGGRESSIVE;
				GCC_WARN_UNUSED_FUNCTION = YES;
				GCC_WARN_UNUSED_VARIABLE = YES;
				MTL_ENABLE_DEBUG_INFO = NO;
				MTL_FAST_MATH = YES;
				SWIFT_COMPILATION_MODE = wholemodule;
				SWIFT_OPTIMIZATION_LEVEL = "-O";
			};
			name = Release;
		};
		40CE0FAB2AC6FFD300F93427 /* Debug */ = {
			isa = XCBuildConfiguration;
			buildSettings = {
				ASSETCATALOG_COMPILER_APPICON_NAME = AppIcon;
				ASSETCATALOG_COMPILER_GLOBAL_ACCENT_COLOR_NAME = AccentColor;
				CODE_SIGN_ENTITLEMENTS = MyAnime/MyAnime.entitlements;
				CODE_SIGN_STYLE = Automatic;
				CURRENT_PROJECT_VERSION = 1;
				DEVELOPMENT_ASSET_PATHS = "\"MyAnime/Preview Content\"";
				ENABLE_PREVIEWS = YES;
				GENERATE_INFOPLIST_FILE = YES;
				"INFOPLIST_KEY_UIApplicationSceneManifest_Generation[sdk=iphoneos*]" = YES;
				"INFOPLIST_KEY_UIApplicationSceneManifest_Generation[sdk=iphonesimulator*]" = YES;
				"INFOPLIST_KEY_UIApplicationSupportsIndirectInputEvents[sdk=iphoneos*]" = YES;
				"INFOPLIST_KEY_UIApplicationSupportsIndirectInputEvents[sdk=iphonesimulator*]" = YES;
				"INFOPLIST_KEY_UILaunchScreen_Generation[sdk=iphoneos*]" = YES;
				"INFOPLIST_KEY_UILaunchScreen_Generation[sdk=iphonesimulator*]" = YES;
				"INFOPLIST_KEY_UIStatusBarStyle[sdk=iphoneos*]" = UIStatusBarStyleDefault;
				"INFOPLIST_KEY_UIStatusBarStyle[sdk=iphonesimulator*]" = UIStatusBarStyleDefault;
				INFOPLIST_KEY_UISupportedInterfaceOrientations_iPad = "UIInterfaceOrientationPortrait UIInterfaceOrientationPortraitUpsideDown UIInterfaceOrientationLandscapeLeft UIInterfaceOrientationLandscapeRight";
				INFOPLIST_KEY_UISupportedInterfaceOrientations_iPhone = "UIInterfaceOrientationPortrait UIInterfaceOrientationLandscapeLeft UIInterfaceOrientationLandscapeRight";
				IPHONEOS_DEPLOYMENT_TARGET = 16.4;
				LD_RUNPATH_SEARCH_PATHS = "@executable_path/Frameworks";
				"LD_RUNPATH_SEARCH_PATHS[sdk=macosx*]" = "@executable_path/../Frameworks";
				MACOSX_DEPLOYMENT_TARGET = 13.3;
				MARKETING_VERSION = 1.0;
				PRODUCT_BUNDLE_IDENTIFIER = johnny.MyAnime;
				PRODUCT_NAME = "$(TARGET_NAME)";
				SDKROOT = auto;
				SUPPORTED_PLATFORMS = "iphoneos iphonesimulator macosx";
				SWIFT_EMIT_LOC_STRINGS = YES;
				SWIFT_VERSION = 5.0;
				TARGETED_DEVICE_FAMILY = "1,2";
			};
			name = Debug;
		};
		40CE0FAC2AC6FFD300F93427 /* Release */ = {
			isa = XCBuildConfiguration;
			buildSettings = {
				ASSETCATALOG_COMPILER_APPICON_NAME = AppIcon;
				ASSETCATALOG_COMPILER_GLOBAL_ACCENT_COLOR_NAME = AccentColor;
				CODE_SIGN_ENTITLEMENTS = MyAnime/MyAnime.entitlements;
				CODE_SIGN_STYLE = Automatic;
				CURRENT_PROJECT_VERSION = 1;
				DEVELOPMENT_ASSET_PATHS = "\"MyAnime/Preview Content\"";
				ENABLE_PREVIEWS = YES;
				GENERATE_INFOPLIST_FILE = YES;
				"INFOPLIST_KEY_UIApplicationSceneManifest_Generation[sdk=iphoneos*]" = YES;
				"INFOPLIST_KEY_UIApplicationSceneManifest_Generation[sdk=iphonesimulator*]" = YES;
				"INFOPLIST_KEY_UIApplicationSupportsIndirectInputEvents[sdk=iphoneos*]" = YES;
				"INFOPLIST_KEY_UIApplicationSupportsIndirectInputEvents[sdk=iphonesimulator*]" = YES;
				"INFOPLIST_KEY_UILaunchScreen_Generation[sdk=iphoneos*]" = YES;
				"INFOPLIST_KEY_UILaunchScreen_Generation[sdk=iphonesimulator*]" = YES;
				"INFOPLIST_KEY_UIStatusBarStyle[sdk=iphoneos*]" = UIStatusBarStyleDefault;
				"INFOPLIST_KEY_UIStatusBarStyle[sdk=iphonesimulator*]" = UIStatusBarStyleDefault;
				INFOPLIST_KEY_UISupportedInterfaceOrientations_iPad = "UIInterfaceOrientationPortrait UIInterfaceOrientationPortraitUpsideDown UIInterfaceOrientationLandscapeLeft UIInterfaceOrientationLandscapeRight";
				INFOPLIST_KEY_UISupportedInterfaceOrientations_iPhone = "UIInterfaceOrientationPortrait UIInterfaceOrientationLandscapeLeft UIInterfaceOrientationLandscapeRight";
				IPHONEOS_DEPLOYMENT_TARGET = 16.4;
				LD_RUNPATH_SEARCH_PATHS = "@executable_path/Frameworks";
				"LD_RUNPATH_SEARCH_PATHS[sdk=macosx*]" = "@executable_path/../Frameworks";
				MACOSX_DEPLOYMENT_TARGET = 13.3;
				MARKETING_VERSION = 1.0;
				PRODUCT_BUNDLE_IDENTIFIER = johnny.MyAnime;
				PRODUCT_NAME = "$(TARGET_NAME)";
				SDKROOT = auto;
				SUPPORTED_PLATFORMS = "iphoneos iphonesimulator macosx";
				SWIFT_EMIT_LOC_STRINGS = YES;
				SWIFT_VERSION = 5.0;
				TARGETED_DEVICE_FAMILY = "1,2";
			};
			name = Release;
		};
/* End XCBuildConfiguration section */

/* Begin XCConfigurationList section */
		40CE0F912AC6FFD200F93427 /* Build configuration list for PBXProject "MyAnime" */ = {
			isa = XCConfigurationList;
			buildConfigurations = (
				40CE0FA82AC6FFD300F93427 /* Debug */,
				40CE0FA92AC6FFD300F93427 /* Release */,
			);
			defaultConfigurationIsVisible = 0;
			defaultConfigurationName = Release;
		};
		40CE0FAA2AC6FFD300F93427 /* Build configuration list for PBXNativeTarget "MyAnime" */ = {
			isa = XCConfigurationList;
			buildConfigurations = (
				40CE0FAB2AC6FFD300F93427 /* Debug */,
				40CE0FAC2AC6FFD300F93427 /* Release */,
			);
			defaultConfigurationIsVisible = 0;
			defaultConfigurationName = Release;
		};
/* End XCConfigurationList section */

/* Begin XCVersionGroup section */
		40CE0F9D2AC6FFD200F93427 /* MyAnime.xcdatamodeld */ = {
			isa = XCVersionGroup;
			children = (
				40CE0F9E2AC6FFD200F93427 /* MyAnime.xcdatamodel */,
			);
			currentVersion = 40CE0F9E2AC6FFD200F93427 /* MyAnime.xcdatamodel */;
			path = MyAnime.xcdatamodeld;
			sourceTree = "<group>";
			versionGroupType = wrapper.xcdatamodel;
		};
/* End XCVersionGroup section */
	};
	rootObject = 40CE0F8E2AC6FFD200F93427 /* Project object */;
}
